
Microsoft Visual Studio Solution File, Format Version 12.00
# Visual Studio Version 16
VisualStudioVersion = 16.0.29215.179
MinimumVisualStudioVersion = 10.0.40219.1
Project("{9A19103F-16F7-4668-BE54-9A1E7A4F7556}") = "AllMark", "AllMark\AllMark.csproj", "{B8566EC3-0F7E-477B-AF74-D66E0C062B0B}"
EndProject
Project("{9A19103F-16F7-4668-BE54-9A1E7A4F7556}") = "Utils.NationalCatalog", "Utils.NationalCatalog\Utils.NationalCatalog.csproj", "{FEF1DF59-4F9E-40B5-A0E5-71EAA75E6F1D}"
EndProject
Project("{9A19103F-16F7-4668-BE54-9A1E7A4F7556}") = "AllMark.Core", "AllMark.Core\AllMark.Core.csproj", "{8ECE5DA5-3E7A-4E81-90FF-43B9D3268776}"
EndProject
Project("{9A19103F-16F7-4668-BE54-9A1E7A4F7556}") = "Utils.HonestSign", "Utils.HonestSign\Utils.HonestSign.csproj", "{72143A5F-A348-46DD-8F77-47A58B621B49}"
EndProject
Global
	GlobalSection(SolutionConfigurationPlatforms) = preSolution
		Debug|Any CPU = Debug|Any CPU
		Debug|x86 = Debug|x86
		Release|Any CPU = Release|Any CPU
		Release|x86 = Release|x86
	EndGlobalSection
	GlobalSection(ProjectConfigurationPlatforms) = postSolution
		{B8566EC3-0F7E-477B-AF74-D66E0C062B0B}.Debug|Any CPU.ActiveCfg = Debug|Any CPU
		{B8566EC3-0F7E-477B-AF74-D66E0C062B0B}.Debug|Any CPU.Build.0 = Debug|Any CPU
		{B8566EC3-0F7E-477B-AF74-D66E0C062B0B}.Debug|x86.ActiveCfg = Debug|Any CPU
		{B8566EC3-0F7E-477B-AF74-D66E0C062B0B}.Debug|x86.Build.0 = Debug|Any CPU
		{B8566EC3-0F7E-477B-AF74-D66E0C062B0B}.Release|Any CPU.ActiveCfg = Release|Any CPU
		{B8566EC3-0F7E-477B-AF74-D66E0C062B0B}.Release|Any CPU.Build.0 = Release|Any CPU
		{B8566EC3-0F7E-477B-AF74-D66E0C062B0B}.Release|x86.ActiveCfg = Release|x86
		{B8566EC3-0F7E-477B-AF74-D66E0C062B0B}.Release|x86.Build.0 = Release|x86
		{FEF1DF59-4F9E-40B5-A0E5-71EAA75E6F1D}.Debug|Any CPU.ActiveCfg = Debug|Any CPU
		{FEF1DF59-4F9E-40B5-A0E5-71EAA75E6F1D}.Debug|Any CPU.Build.0 = Debug|Any CPU
		{FEF1DF59-4F9E-40B5-A0E5-71EAA75E6F1D}.Debug|x86.ActiveCfg = Debug|Any CPU
		{FEF1DF59-4F9E-40B5-A0E5-71EAA75E6F1D}.Debug|x86.Build.0 = Debug|Any CPU
		{FEF1DF59-4F9E-40B5-A0E5-71EAA75E6F1D}.Release|Any CPU.ActiveCfg = Release|Any CPU
		{FEF1DF59-4F9E-40B5-A0E5-71EAA75E6F1D}.Release|Any CPU.Build.0 = Release|Any CPU
		{FEF1DF59-4F9E-40B5-A0E5-71EAA75E6F1D}.Release|x86.ActiveCfg = Release|Any CPU
		{FEF1DF59-4F9E-40B5-A0E5-71EAA75E6F1D}.Release|x86.Build.0 = Release|Any CPU
		{8ECE5DA5-3E7A-4E81-90FF-43B9D3268776}.Debug|Any CPU.ActiveCfg = Debug|Any CPU
		{8ECE5DA5-3E7A-4E81-90FF-43B9D3268776}.Debug|Any CPU.Build.0 = Debug|Any CPU
		{8ECE5DA5-3E7A-4E81-90FF-43B9D3268776}.Debug|x86.ActiveCfg = Debug|Any CPU
		{8ECE5DA5-3E7A-4E81-90FF-43B9D3268776}.Debug|x86.Build.0 = Debug|Any CPU
		{8ECE5DA5-3E7A-4E81-90FF-43B9D3268776}.Release|Any CPU.ActiveCfg = Release|Any CPU
		{8ECE5DA5-3E7A-4E81-90FF-43B9D3268776}.Release|Any CPU.Build.0 = Release|Any CPU
		{8ECE5DA5-3E7A-4E81-90FF-43B9D3268776}.Release|x86.ActiveCfg = Release|Any CPU
		{8ECE5DA5-3E7A-4E81-90FF-43B9D3268776}.Release|x86.Build.0 = Release|Any CPU
		{72143A5F-A348-46DD-8F77-47A58B621B49}.Debug|Any CPU.ActiveCfg = Debug|Any CPU
		{72143A5F-A348-46DD-8F77-47A58B621B49}.Debug|Any CPU.Build.0 = Debug|Any CPU
		{72143A5F-A348-46DD-8F77-47A58B621B49}.Debug|x86.ActiveCfg = Debug|Any CPU
		{72143A5F-A348-46DD-8F77-47A58B621B49}.Debug|x86.Build.0 = Debug|Any CPU
		{72143A5F-A348-46DD-8F77-47A58B621B49}.Release|Any CPU.ActiveCfg = Release|Any CPU
		{72143A5F-A348-46DD-8F77-47A58B621B49}.Release|Any CPU.Build.0 = Release|Any CPU
		{72143A5F-A348-46DD-8F77-47A58B621B49}.Release|x86.ActiveCfg = Release|Any CPU
		{72143A5F-A348-46DD-8F77-47A58B621B49}.Release|x86.Build.0 = Release|Any CPU
	EndGlobalSection
	GlobalSection(SolutionProperties) = preSolution
		HideSolutionNode = FALSE
	EndGlobalSection
	GlobalSection(ExtensibilityGlobals) = postSolution
		SolutionGuid = {D473CE56-78DB-4CFB-9C1A-4CEF62AE8A9D}
	EndGlobalSection
EndGlobal
