
Microsoft Visual Studio Solution File, Format Version 12.00
# Visual Studio Version 16
VisualStudioVersion = 16.0.29215.179
MinimumVisualStudioVersion = 10.0.40219.1
Project("{9A19103F-16F7-4668-BE54-9A1E7A4F7556}") = "AllMark", "AllMark\AllMark.csproj", "{B8566EC3-0F7E-477B-AF74-D66E0C062B0B}"
EndProject
Project("{FAE04EC0-301F-11D3-BF4B-00C04F79EFBC}") = "AllMark.Models", "AllMark.Models\AllMark.Models.csproj", "{76B15B11-420F-47E3-9417-902E0F904C31}"
EndProject
Global
	GlobalSection(SolutionConfigurationPlatforms) = preSolution
		Debug|Any CPU = Debug|Any CPU
		Release|Any CPU = Release|Any CPU
	EndGlobalSection
	GlobalSection(ProjectConfigurationPlatforms) = postSolution
		{B8566EC3-0F7E-477B-AF74-D66E0C062B0B}.Debug|Any CPU.ActiveCfg = Debug|Any CPU
		{B8566EC3-0F7E-477B-AF74-D66E0C062B0B}.Debug|Any CPU.Build.0 = Debug|Any CPU
		{B8566EC3-0F7E-477B-AF74-D66E0C062B0B}.Release|Any CPU.ActiveCfg = Release|Any CPU
		{B8566EC3-0F7E-477B-AF74-D66E0C062B0B}.Release|Any CPU.Build.0 = Release|Any CPU
		{76B15B11-420F-47E3-9417-902E0F904C31}.Debug|Any CPU.ActiveCfg = Debug|Any CPU
		{76B15B11-420F-47E3-9417-902E0F904C31}.Debug|Any CPU.Build.0 = Debug|Any CPU
		{76B15B11-420F-47E3-9417-902E0F904C31}.Release|Any CPU.ActiveCfg = Release|Any CPU
		{76B15B11-420F-47E3-9417-902E0F904C31}.Release|Any CPU.Build.0 = Release|Any CPU
	EndGlobalSection
	GlobalSection(SolutionProperties) = preSolution
		HideSolutionNode = FALSE
	EndGlobalSection
	GlobalSection(ExtensibilityGlobals) = postSolution
		SolutionGuid = {D473CE56-78DB-4CFB-9C1A-4CEF62AE8A9D}
	EndGlobalSection
EndGlobal
