
Microsoft Visual Studio Solution File, Format Version 12.00
# Visual Studio Version 16
VisualStudioVersion = 16.0.29215.179
MinimumVisualStudioVersion = 10.0.40219.1
Project("{9A19103F-16F7-4668-BE54-9A1E7A4F7556}") = "AllMark", "AllMark\AllMark.csproj", "{B8566EC3-0F7E-477B-AF74-D66E0C062B0B}"
EndProject
Project("{9A19103F-16F7-4668-BE54-9A1E7A4F7556}") = "AllMark.Models", "AllMark.Models\AllMark.Models.csproj", "{8F6A039B-AC78-4485-835D-C10EC8B1B3A4}"
EndProject
Global
	GlobalSection(SolutionConfigurationPlatforms) = preSolution
		Debug|Any CPU = Debug|Any CPU
		Debug|x86 = Debug|x86
		Release|Any CPU = Release|Any CPU
		Release|x86 = Release|x86
	EndGlobalSection
	GlobalSection(ProjectConfigurationPlatforms) = postSolution
		{B8566EC3-0F7E-477B-AF74-D66E0C062B0B}.Debug|Any CPU.ActiveCfg = Debug|Any CPU
		{B8566EC3-0F7E-477B-AF74-D66E0C062B0B}.Debug|Any CPU.Build.0 = Debug|Any CPU
		{B8566EC3-0F7E-477B-AF74-D66E0C062B0B}.Debug|x86.ActiveCfg = Debug|Any CPU
		{B8566EC3-0F7E-477B-AF74-D66E0C062B0B}.Debug|x86.Build.0 = Debug|Any CPU
		{B8566EC3-0F7E-477B-AF74-D66E0C062B0B}.Release|Any CPU.ActiveCfg = Release|Any CPU
		{B8566EC3-0F7E-477B-AF74-D66E0C062B0B}.Release|Any CPU.Build.0 = Release|Any CPU
		{B8566EC3-0F7E-477B-AF74-D66E0C062B0B}.Release|x86.ActiveCfg = Release|x86
		{B8566EC3-0F7E-477B-AF74-D66E0C062B0B}.Release|x86.Build.0 = Release|x86
		{8F6A039B-AC78-4485-835D-C10EC8B1B3A4}.Debug|Any CPU.ActiveCfg = Debug|Any CPU
		{8F6A039B-AC78-4485-835D-C10EC8B1B3A4}.Debug|Any CPU.Build.0 = Debug|Any CPU
		{8F6A039B-AC78-4485-835D-C10EC8B1B3A4}.Debug|x86.ActiveCfg = Debug|Any CPU
		{8F6A039B-AC78-4485-835D-C10EC8B1B3A4}.Debug|x86.Build.0 = Debug|Any CPU
		{8F6A039B-AC78-4485-835D-C10EC8B1B3A4}.Release|Any CPU.ActiveCfg = Release|Any CPU
		{8F6A039B-AC78-4485-835D-C10EC8B1B3A4}.Release|Any CPU.Build.0 = Release|Any CPU
		{8F6A039B-AC78-4485-835D-C10EC8B1B3A4}.Release|x86.ActiveCfg = Release|Any CPU
		{8F6A039B-AC78-4485-835D-C10EC8B1B3A4}.Release|x86.Build.0 = Release|Any CPU
	EndGlobalSection
	GlobalSection(SolutionProperties) = preSolution
		HideSolutionNode = FALSE
	EndGlobalSection
	GlobalSection(ExtensibilityGlobals) = postSolution
		SolutionGuid = {D473CE56-78DB-4CFB-9C1A-4CEF62AE8A9D}
	EndGlobalSection
EndGlobal
